// !$*UTF8*$!
{
	archiveVersion = 1;
	classes = {
	};
	objectVersion = 50;
	objects = {

/* Begin PBXBuildFile section */
		A502BF10227A5C8A008415A9 /* LocationCell.swift in Sources */ = {isa = PBXBuildFile; fileRef = A502BF0F227A5C8A008415A9 /* LocationCell.swift */; };
		A502BF12227A5D7F008415A9 /* Location.swift in Sources */ = {isa = PBXBuildFile; fileRef = A502BF11227A5D7F008415A9 /* Location.swift */; };
		A502BF14227AD10D008415A9 /* LocationsController.swift in Sources */ = {isa = PBXBuildFile; fileRef = A502BF13227AD10D008415A9 /* LocationsController.swift */; };
		A502BF16227AD441008415A9 /* AddEditLocationController.swift in Sources */ = {isa = PBXBuildFile; fileRef = A502BF15227AD441008415A9 /* AddEditLocationController.swift */; };
		A502BF19227ADDB9008415A9 /* LimitTextLength.swift in Sources */ = {isa = PBXBuildFile; fileRef = A502BF18227ADDB9008415A9 /* LimitTextLength.swift */; };
		A5B879CE227803D60078748C /* AppDelegate.swift in Sources */ = {isa = PBXBuildFile; fileRef = A5B879CD227803D60078748C /* AppDelegate.swift */; };
		A5B879D0227803D60078748C /* LoginController.swift in Sources */ = {isa = PBXBuildFile; fileRef = A5B879CF227803D60078748C /* LoginController.swift */; };
		A5B879D3227803D60078748C /* Main.storyboard in Resources */ = {isa = PBXBuildFile; fileRef = A5B879D1227803D60078748C /* Main.storyboard */; };
		A5B879D5227803D90078748C /* Assets.xcassets in Resources */ = {isa = PBXBuildFile; fileRef = A5B879D4227803D90078748C /* Assets.xcassets */; };
		A5B879D8227803D90078748C /* LaunchScreen.storyboard in Resources */ = {isa = PBXBuildFile; fileRef = A5B879D6227803D90078748C /* LaunchScreen.storyboard */; };
		A5B879E322781BE90078748C /* AuthenticationType.swift in Sources */ = {isa = PBXBuildFile; fileRef = A5B879E222781BE90078748C /* AuthenticationType.swift */; };
		A5B879E522781D2E0078748C /* Labels.swift in Sources */ = {isa = PBXBuildFile; fileRef = A5B879E422781D2E0078748C /* Labels.swift */; };
/* End PBXBuildFile section */

/* Begin PBXFileReference section */
		A502BF0F227A5C8A008415A9 /* LocationCell.swift */ = {isa = PBXFileReference; lastKnownFileType = sourcecode.swift; path = LocationCell.swift; sourceTree = "<group>"; };
		A502BF11227A5D7F008415A9 /* Location.swift */ = {isa = PBXFileReference; lastKnownFileType = sourcecode.swift; path = Location.swift; sourceTree = "<group>"; };
		A502BF13227AD10D008415A9 /* LocationsController.swift */ = {isa = PBXFileReference; lastKnownFileType = sourcecode.swift; path = LocationsController.swift; sourceTree = "<group>"; };
		A502BF15227AD441008415A9 /* AddEditLocationController.swift */ = {isa = PBXFileReference; lastKnownFileType = sourcecode.swift; path = AddEditLocationController.swift; sourceTree = "<group>"; };
		A502BF18227ADDB9008415A9 /* LimitTextLength.swift */ = {isa = PBXFileReference; lastKnownFileType = sourcecode.swift; path = LimitTextLength.swift; sourceTree = "<group>"; };
		A5B879CA227803D60078748C /* Storage-Boxes.app */ = {isa = PBXFileReference; explicitFileType = wrapper.application; includeInIndex = 0; path = "Storage-Boxes.app"; sourceTree = BUILT_PRODUCTS_DIR; };
		A5B879CD227803D60078748C /* AppDelegate.swift */ = {isa = PBXFileReference; lastKnownFileType = sourcecode.swift; path = AppDelegate.swift; sourceTree = "<group>"; };
		A5B879CF227803D60078748C /* LoginController.swift */ = {isa = PBXFileReference; lastKnownFileType = sourcecode.swift; path = LoginController.swift; sourceTree = "<group>"; };
		A5B879D2227803D60078748C /* Base */ = {isa = PBXFileReference; lastKnownFileType = file.storyboard; name = Base; path = Base.lproj/Main.storyboard; sourceTree = "<group>"; };
		A5B879D4227803D90078748C /* Assets.xcassets */ = {isa = PBXFileReference; lastKnownFileType = folder.assetcatalog; path = Assets.xcassets; sourceTree = "<group>"; };
		A5B879D7227803D90078748C /* Base */ = {isa = PBXFileReference; lastKnownFileType = file.storyboard; name = Base; path = Base.lproj/LaunchScreen.storyboard; sourceTree = "<group>"; };
		A5B879D9227803D90078748C /* Info.plist */ = {isa = PBXFileReference; lastKnownFileType = text.plist.xml; path = Info.plist; sourceTree = "<group>"; };
		A5B879E222781BE90078748C /* AuthenticationType.swift */ = {isa = PBXFileReference; lastKnownFileType = sourcecode.swift; path = AuthenticationType.swift; sourceTree = "<group>"; };
		A5B879E422781D2E0078748C /* Labels.swift */ = {isa = PBXFileReference; lastKnownFileType = sourcecode.swift; path = Labels.swift; sourceTree = "<group>"; };
/* End PBXFileReference section */

/* Begin PBXFrameworksBuildPhase section */
		A5B879C7227803D60078748C /* Frameworks */ = {
			isa = PBXFrameworksBuildPhase;
			buildActionMask = 2147483647;
			files = (
			);
			runOnlyForDeploymentPostprocessing = 0;
		};
/* End PBXFrameworksBuildPhase section */

/* Begin PBXGroup section */
		A502BF0E227A5C76008415A9 /* view */ = {
			isa = PBXGroup;
			children = (
				A502BF0F227A5C8A008415A9 /* LocationCell.swift */,
			);
			path = view;
			sourceTree = "<group>";
		};
		A502BF17227ADD85008415A9 /* delegate */ = {
			isa = PBXGroup;
			children = (
				A502BF18227ADDB9008415A9 /* LimitTextLength.swift */,
			);
			path = delegate;
			sourceTree = "<group>";
		};
		A5B879C1227803D60078748C = {
			isa = PBXGroup;
			children = (
				A5B879CC227803D60078748C /* Storage-Boxes */,
				A5B879CB227803D60078748C /* Products */,
			);
			sourceTree = "<group>";
		};
		A5B879CB227803D60078748C /* Products */ = {
			isa = PBXGroup;
			children = (
				A5B879CA227803D60078748C /* Storage-Boxes.app */,
			);
			name = Products;
			sourceTree = "<group>";
		};
		A5B879CC227803D60078748C /* Storage-Boxes */ = {
			isa = PBXGroup;
			children = (
				A502BF17227ADD85008415A9 /* delegate */,
				A502BF0E227A5C76008415A9 /* view */,
				A5B879E122781BA90078748C /* constant */,
				A5B879E022780CD00078748C /* model */,
				A5B879DF227807B70078748C /* controller */,
				A5B879CD227803D60078748C /* AppDelegate.swift */,
				A5B879D1227803D60078748C /* Main.storyboard */,
				A5B879D4227803D90078748C /* Assets.xcassets */,
				A5B879D6227803D90078748C /* LaunchScreen.storyboard */,
				A5B879D9227803D90078748C /* Info.plist */,
			);
			path = "Storage-Boxes";
			sourceTree = "<group>";
		};
		A5B879DF227807B70078748C /* controller */ = {
			isa = PBXGroup;
			children = (
				A5B879CF227803D60078748C /* LoginController.swift */,
				A502BF13227AD10D008415A9 /* LocationsController.swift */,
				A502BF15227AD441008415A9 /* AddEditLocationController.swift */,
			);
			path = controller;
			sourceTree = "<group>";
		};
		A5B879E022780CD00078748C /* model */ = {
			isa = PBXGroup;
			children = (
				A502BF11227A5D7F008415A9 /* Location.swift */,
			);
			path = model;
			sourceTree = "<group>";
		};
		A5B879E122781BA90078748C /* constant */ = {
			isa = PBXGroup;
			children = (
				A5B879E222781BE90078748C /* AuthenticationType.swift */,
				A5B879E422781D2E0078748C /* Labels.swift */,
			);
			path = constant;
			sourceTree = "<group>";
		};
/* End PBXGroup section */

/* Begin PBXNativeTarget section */
		A5B879C9227803D60078748C /* Storage-Boxes */ = {
			isa = PBXNativeTarget;
			buildConfigurationList = A5B879DC227803D90078748C /* Build configuration list for PBXNativeTarget "Storage-Boxes" */;
			buildPhases = (
				A5B879C6227803D60078748C /* Sources */,
				A5B879C7227803D60078748C /* Frameworks */,
				A5B879C8227803D60078748C /* Resources */,
			);
			buildRules = (
			);
			dependencies = (
			);
			name = "Storage-Boxes";
			productName = "Storage-Boxes";
			productReference = A5B879CA227803D60078748C /* Storage-Boxes.app */;
			productType = "com.apple.product-type.application";
		};
/* End PBXNativeTarget section */

/* Begin PBXProject section */
		A5B879C2227803D60078748C /* Project object */ = {
			isa = PBXProject;
			attributes = {
				LastSwiftUpdateCheck = 1020;
				LastUpgradeCheck = 1020;
				ORGANIZATIONNAME = "Dmitri Gaisan";
				TargetAttributes = {
					A5B879C9227803D60078748C = {
						CreatedOnToolsVersion = 10.2;
					};
				};
			};
			buildConfigurationList = A5B879C5227803D60078748C /* Build configuration list for PBXProject "Storage-Boxes" */;
			compatibilityVersion = "Xcode 9.3";
			developmentRegion = en;
			hasScannedForEncodings = 0;
			knownRegions = (
				en,
				Base,
			);
			mainGroup = A5B879C1227803D60078748C;
			productRefGroup = A5B879CB227803D60078748C /* Products */;
			projectDirPath = "";
			projectRoot = "";
			targets = (
				A5B879C9227803D60078748C /* Storage-Boxes */,
			);
		};
/* End PBXProject section */

/* Begin PBXResourcesBuildPhase section */
		A5B879C8227803D60078748C /* Resources */ = {
			isa = PBXResourcesBuildPhase;
			buildActionMask = 2147483647;
			files = (
				A5B879D8227803D90078748C /* LaunchScreen.storyboard in Resources */,
				A5B879D5227803D90078748C /* Assets.xcassets in Resources */,
				A5B879D3227803D60078748C /* Main.storyboard in Resources */,
			);
			runOnlyForDeploymentPostprocessing = 0;
		};
/* End PBXResourcesBuildPhase section */

/* Begin PBXSourcesBuildPhase section */
		A5B879C6227803D60078748C /* Sources */ = {
			isa = PBXSourcesBuildPhase;
			buildActionMask = 2147483647;
			files = (
				A5B879E322781BE90078748C /* AuthenticationType.swift in Sources */,
				A502BF14227AD10D008415A9 /* LocationsController.swift in Sources */,
				A502BF19227ADDB9008415A9 /* LimitTextLength.swift in Sources */,
				A502BF10227A5C8A008415A9 /* LocationCell.swift in Sources */,
				A5B879D0227803D60078748C /* LoginController.swift in Sources */,
				A5B879E522781D2E0078748C /* Labels.swift in Sources */,
				A502BF12227A5D7F008415A9 /* Location.swift in Sources */,
				A502BF16227AD441008415A9 /* AddEditLocationController.swift in Sources */,
				A5B879CE227803D60078748C /* AppDelegate.swift in Sources */,
			);
			runOnlyForDeploymentPostprocessing = 0;
		};
/* End PBXSourcesBuildPhase section */

/* Begin PBXVariantGroup section */
		A5B879D1227803D60078748C /* Main.storyboard */ = {
			isa = PBXVariantGroup;
			children = (
				A5B879D2227803D60078748C /* Base */,
			);
			name = Main.storyboard;
			sourceTree = "<group>";
		};
		A5B879D6227803D90078748C /* LaunchScreen.storyboard */ = {
			isa = PBXVariantGroup;
			children = (
				A5B879D7227803D90078748C /* Base */,
			);
			name = LaunchScreen.storyboard;
			sourceTree = "<group>";
		};
/* End PBXVariantGroup section */

/* Begin XCBuildConfiguration section */
		A5B879DA227803D90078748C /* Debug */ = {
			isa = XCBuildConfiguration;
			buildSettings = {
				ALWAYS_SEARCH_USER_PATHS = NO;
				CLANG_ANALYZER_NONNULL = YES;
				CLANG_ANALYZER_NUMBER_OBJECT_CONVERSION = YES_AGGRESSIVE;
				CLANG_CXX_LANGUAGE_STANDARD = "gnu++14";
				CLANG_CXX_LIBRARY = "libc++";
				CLANG_ENABLE_MODULES = YES;
				CLANG_ENABLE_OBJC_ARC = YES;
				CLANG_ENABLE_OBJC_WEAK = YES;
				CLANG_WARN_BLOCK_CAPTURE_AUTORELEASING = YES;
				CLANG_WARN_BOOL_CONVERSION = YES;
				CLANG_WARN_COMMA = YES;
				CLANG_WARN_CONSTANT_CONVERSION = YES;
				CLANG_WARN_DEPRECATED_OBJC_IMPLEMENTATIONS = YES;
				CLANG_WARN_DIRECT_OBJC_ISA_USAGE = YES_ERROR;
				CLANG_WARN_DOCUMENTATION_COMMENTS = YES;
				CLANG_WARN_EMPTY_BODY = YES;
				CLANG_WARN_ENUM_CONVERSION = YES;
				CLANG_WARN_INFINITE_RECURSION = YES;
				CLANG_WARN_INT_CONVERSION = YES;
				CLANG_WARN_NON_LITERAL_NULL_CONVERSION = YES;
				CLANG_WARN_OBJC_IMPLICIT_RETAIN_SELF = YES;
				CLANG_WARN_OBJC_LITERAL_CONVERSION = YES;
				CLANG_WARN_OBJC_ROOT_CLASS = YES_ERROR;
				CLANG_WARN_RANGE_LOOP_ANALYSIS = YES;
				CLANG_WARN_STRICT_PROTOTYPES = YES;
				CLANG_WARN_SUSPICIOUS_MOVE = YES;
				CLANG_WARN_UNGUARDED_AVAILABILITY = YES_AGGRESSIVE;
				CLANG_WARN_UNREACHABLE_CODE = YES;
				CLANG_WARN__DUPLICATE_METHOD_MATCH = YES;
				CODE_SIGN_IDENTITY = "iPhone Developer";
				COPY_PHASE_STRIP = NO;
				DEBUG_INFORMATION_FORMAT = dwarf;
				ENABLE_STRICT_OBJC_MSGSEND = YES;
				ENABLE_TESTABILITY = YES;
				GCC_C_LANGUAGE_STANDARD = gnu11;
				GCC_DYNAMIC_NO_PIC = NO;
				GCC_NO_COMMON_BLOCKS = YES;
				GCC_OPTIMIZATION_LEVEL = 0;
				GCC_PREPROCESSOR_DEFINITIONS = (
					"DEBUG=1",
					"$(inherited)",
				);
				GCC_WARN_64_TO_32_BIT_CONVERSION = YES;
				GCC_WARN_ABOUT_RETURN_TYPE = YES_ERROR;
				GCC_WARN_UNDECLARED_SELECTOR = YES;
				GCC_WARN_UNINITIALIZED_AUTOS = YES_AGGRESSIVE;
				GCC_WARN_UNUSED_FUNCTION = YES;
				GCC_WARN_UNUSED_VARIABLE = YES;
				IPHONEOS_DEPLOYMENT_TARGET = 12.2;
				MTL_ENABLE_DEBUG_INFO = INCLUDE_SOURCE;
				MTL_FAST_MATH = YES;
				ONLY_ACTIVE_ARCH = YES;
				SDKROOT = iphoneos;
				SWIFT_ACTIVE_COMPILATION_CONDITIONS = DEBUG;
				SWIFT_OPTIMIZATION_LEVEL = "-Onone";
			};
			name = Debug;
		};
		A5B879DB227803D90078748C /* Release */ = {
			isa = XCBuildConfiguration;
			buildSettings = {
				ALWAYS_SEARCH_USER_PATHS = NO;
				CLANG_ANALYZER_NONNULL = YES;
				CLANG_ANALYZER_NUMBER_OBJECT_CONVERSION = YES_AGGRESSIVE;
				CLANG_CXX_LANGUAGE_STANDARD = "gnu++14";
				CLANG_CXX_LIBRARY = "libc++";
				CLANG_ENABLE_MODULES = YES;
				CLANG_ENABLE_OBJC_ARC = YES;
				CLANG_ENABLE_OBJC_WEAK = YES;
				CLANG_WARN_BLOCK_CAPTURE_AUTORELEASING = YES;
				CLANG_WARN_BOOL_CONVERSION = YES;
				CLANG_WARN_COMMA = YES;
				CLANG_WARN_CONSTANT_CONVERSION = YES;
				CLANG_WARN_DEPRECATED_OBJC_IMPLEMENTATIONS = YES;
				CLANG_WARN_DIRECT_OBJC_ISA_USAGE = YES_ERROR;
				CLANG_WARN_DOCUMENTATION_COMMENTS = YES;
				CLANG_WARN_EMPTY_BODY = YES;
				CLANG_WARN_ENUM_CONVERSION = YES;
				CLANG_WARN_INFINITE_RECURSION = YES;
				CLANG_WARN_INT_CONVERSION = YES;
				CLANG_WARN_NON_LITERAL_NULL_CONVERSION = YES;
				CLANG_WARN_OBJC_IMPLICIT_RETAIN_SELF = YES;
				CLANG_WARN_OBJC_LITERAL_CONVERSION = YES;
				CLANG_WARN_OBJC_ROOT_CLASS = YES_ERROR;
				CLANG_WARN_RANGE_LOOP_ANALYSIS = YES;
				CLANG_WARN_STRICT_PROTOTYPES = YES;
				CLANG_WARN_SUSPICIOUS_MOVE = YES;
				CLANG_WARN_UNGUARDED_AVAILABILITY = YES_AGGRESSIVE;
				CLANG_WARN_UNREACHABLE_CODE = YES;
				CLANG_WARN__DUPLICATE_METHOD_MATCH = YES;
				CODE_SIGN_IDENTITY = "iPhone Developer";
				COPY_PHASE_STRIP = NO;
				DEBUG_INFORMATION_FORMAT = "dwarf-with-dsym";
				ENABLE_NS_ASSERTIONS = NO;
				ENABLE_STRICT_OBJC_MSGSEND = YES;
				GCC_C_LANGUAGE_STANDARD = gnu11;
				GCC_NO_COMMON_BLOCKS = YES;
				GCC_WARN_64_TO_32_BIT_CONVERSION = YES;
				GCC_WARN_ABOUT_RETURN_TYPE = YES_ERROR;
				GCC_WARN_UNDECLARED_SELECTOR = YES;
				GCC_WARN_UNINITIALIZED_AUTOS = YES_AGGRESSIVE;
				GCC_WARN_UNUSED_FUNCTION = YES;
				GCC_WARN_UNUSED_VARIABLE = YES;
				IPHONEOS_DEPLOYMENT_TARGET = 12.2;
				MTL_ENABLE_DEBUG_INFO = NO;
				MTL_FAST_MATH = YES;
				SDKROOT = iphoneos;
				SWIFT_COMPILATION_MODE = wholemodule;
				SWIFT_OPTIMIZATION_LEVEL = "-O";
				VALIDATE_PRODUCT = YES;
			};
			name = Release;
		};
		A5B879DD227803D90078748C /* Debug */ = {
			isa = XCBuildConfiguration;
			buildSettings = {
				ASSETCATALOG_COMPILER_APPICON_NAME = AppIcon;
				CODE_SIGN_STYLE = Automatic;
				INFOPLIST_FILE = "Storage-Boxes/Info.plist";
				LD_RUNPATH_SEARCH_PATHS = (
					"$(inherited)",
					"@executable_path/Frameworks",
				);
				PRODUCT_BUNDLE_IDENTIFIER = "noorg.Storage-Boxes";
				PRODUCT_NAME = "$(TARGET_NAME)";
				SWIFT_VERSION = 5.0;
				TARGETED_DEVICE_FAMILY = "1,2";
			};
			name = Debug;
		};
		A5B879DE227803D90078748C /* Release */ = {
			isa = XCBuildConfiguration;
			buildSettings = {
				ASSETCATALOG_COMPILER_APPICON_NAME = AppIcon;
				CODE_SIGN_STYLE = Automatic;
				INFOPLIST_FILE = "Storage-Boxes/Info.plist";
				LD_RUNPATH_SEARCH_PATHS = (
					"$(inherited)",
					"@executable_path/Frameworks",
				);
				PRODUCT_BUNDLE_IDENTIFIER = "noorg.Storage-Boxes";
				PRODUCT_NAME = "$(TARGET_NAME)";
				SWIFT_VERSION = 5.0;
				TARGETED_DEVICE_FAMILY = "1,2";
			};
			name = Release;
		};
/* End XCBuildConfiguration section */

/* Begin XCConfigurationList section */
		A5B879C5227803D60078748C /* Build configuration list for PBXProject "Storage-Boxes" */ = {
			isa = XCConfigurationList;
			buildConfigurations = (
				A5B879DA227803D90078748C /* Debug */,
				A5B879DB227803D90078748C /* Release */,
			);
			defaultConfigurationIsVisible = 0;
			defaultConfigurationName = Release;
		};
		A5B879DC227803D90078748C /* Build configuration list for PBXNativeTarget "Storage-Boxes" */ = {
			isa = XCConfigurationList;
			buildConfigurations = (
				A5B879DD227803D90078748C /* Debug */,
				A5B879DE227803D90078748C /* Release */,
			);
			defaultConfigurationIsVisible = 0;
			defaultConfigurationName = Release;
		};
/* End XCConfigurationList section */
	};
	rootObject = A5B879C2227803D60078748C /* Project object */;
}
